golang.org/x/crypto v0.20.0 h1:jmAMJJZXr5KiCw05dfYK9QnqaqKLYXijU23lsEdcQqg=
golang.org/x/crypto v0.20.0/go.mod h1:Xwo95rrVNIoSMx9wa1JroENMToLWn3RNVrTBpLHgZPQ=
golang.org/x/net v0.21.0 h1:AQyQV4dYCvJ7vGmJyKki9+PBdyvhkSd8EIx/qb0AYv4=
golang.org/x/net v0.21.0/go.mod h1:bIjVDfnllIU7BJ2DNgfnXvpSvtn8VRwhlsaeUTyUS44=
golang.org/x/text v0.14.0 h1:ScX5w1eTa3QqT8oi6+ziP7dTV1S2+ALU0bI+0zXKWiQ=
golang.org/x/text v0.14.0/go.mod h1:18ZOQIKpY8NJVqYksKHtTdi31H5itFRjB5/qKTNYzSU=
kkn.fi/httpx v0.0.11 h1:Wh40oW+DNRMRCsgoWqqd0ZZgNeQsSccnT6GZPTFCMoo=
kkn.fi/httpx v0.0.11/go.mod h1:B4gj63jhPM59NfiM3l+RI8nmLaXP0RiD1Xt+AK2U+b0=
kkn.fi/infra v0.3.1 h1:u0s8cwHU3+QABhaEKwJAPtG5IIGwH/tOzHqrAYQEI2k=
kkn.fi/infra v0.3.1/go.mod h1:1BcvreJqnH80jSw3/iUg5UFt2O+y9KKwzzFIonQ/ewA=
